
Microsoft Visual Studio Solution File, Format Version 12.00
# Visual Studio Version 16
VisualStudioVersion = 16.0.33027.164
MinimumVisualStudioVersion = 10.0.40219.1
Project("{9A19103F-16F7-4668-BE54-9A1E7A4F7556}") = "M.O.FoodDelivery.Server", "M.O.FoodDelivery\Server\M.O.FoodDelivery.Server.csproj", "{904D9D6C-1313-4A6D-BF6E-743EEE54F6A1}"
EndProject
Project("{9A19103F-16F7-4668-BE54-9A1E7A4F7556}") = "M.O.FoodDelivery.Client", "M.O.FoodDelivery\Client\M.O.FoodDelivery.Client.csproj", "{A4AD483B-B2D9-4C71-B54A-7E114CD1F989}"
EndProject
Project("{9A19103F-16F7-4668-BE54-9A1E7A4F7556}") = "M.O.FoodDelivery.Shared", "M.O.FoodDelivery\Shared\M.O.FoodDelivery.Shared.csproj", "{FD0D6B8B-96DA-4829-A159-C9EA2205F64C}"
EndProject
Global
	GlobalSection(SolutionConfigurationPlatforms) = preSolution
		Debug|Any CPU = Debug|Any CPU
		Release|Any CPU = Release|Any CPU
	EndGlobalSection
	GlobalSection(ProjectConfigurationPlatforms) = postSolution
		{904D9D6C-1313-4A6D-BF6E-743EEE54F6A1}.Debug|Any CPU.ActiveCfg = Debug|Any CPU
		{904D9D6C-1313-4A6D-BF6E-743EEE54F6A1}.Debug|Any CPU.Build.0 = Debug|Any CPU
		{904D9D6C-1313-4A6D-BF6E-743EEE54F6A1}.Release|Any CPU.ActiveCfg = Release|Any CPU
		{904D9D6C-1313-4A6D-BF6E-743EEE54F6A1}.Release|Any CPU.Build.0 = Release|Any CPU
		{A4AD483B-B2D9-4C71-B54A-7E114CD1F989}.Debug|Any CPU.ActiveCfg = Debug|Any CPU
		{A4AD483B-B2D9-4C71-B54A-7E114CD1F989}.Debug|Any CPU.Build.0 = Debug|Any CPU
		{A4AD483B-B2D9-4C71-B54A-7E114CD1F989}.Release|Any CPU.ActiveCfg = Release|Any CPU
		{A4AD483B-B2D9-4C71-B54A-7E114CD1F989}.Release|Any CPU.Build.0 = Release|Any CPU
		{FD0D6B8B-96DA-4829-A159-C9EA2205F64C}.Debug|Any CPU.ActiveCfg = Debug|Any CPU
		{FD0D6B8B-96DA-4829-A159-C9EA2205F64C}.Debug|Any CPU.Build.0 = Debug|Any CPU
		{FD0D6B8B-96DA-4829-A159-C9EA2205F64C}.Release|Any CPU.ActiveCfg = Release|Any CPU
		{FD0D6B8B-96DA-4829-A159-C9EA2205F64C}.Release|Any CPU.Build.0 = Release|Any CPU
	EndGlobalSection
	GlobalSection(SolutionProperties) = preSolution
		HideSolutionNode = FALSE
	EndGlobalSection
	GlobalSection(ExtensibilityGlobals) = postSolution
		SolutionGuid = {7EAF16BC-5F73-4CD5-910F-76DAFD519217}
	EndGlobalSection
EndGlobal
